
Microsoft Visual Studio Solution File, Format Version 12.00
# Visual Studio Version 16
VisualStudioVersion = 16.0.31019.35
MinimumVisualStudioVersion = 10.0.40219.1
Project("{FAE04EC0-301F-11D3-BF4B-00C04F79EFBC}") = "ControleUser.web", "ControleUser.web\ControleUser.web.csproj", "{147DA2EC-8DF9-46D1-A4FD-E6405C13A306}"
EndProject
Project("{FAE04EC0-301F-11D3-BF4B-00C04F79EFBC}") = "Rotativa", "Rotativa\Rotativa.csproj", "{D93FAA11-31F0-4629-B53C-AA8680283529}"
EndProject
Global
	GlobalSection(SolutionConfigurationPlatforms) = preSolution
		Debug|Any CPU = Debug|Any CPU
		Release|Any CPU = Release|Any CPU
	EndGlobalSection
	GlobalSection(ProjectConfigurationPlatforms) = postSolution
		{147DA2EC-8DF9-46D1-A4FD-E6405C13A306}.Debug|Any CPU.ActiveCfg = Debug|Any CPU
		{147DA2EC-8DF9-46D1-A4FD-E6405C13A306}.Debug|Any CPU.Build.0 = Debug|Any CPU
		{147DA2EC-8DF9-46D1-A4FD-E6405C13A306}.Release|Any CPU.ActiveCfg = Release|Any CPU
		{147DA2EC-8DF9-46D1-A4FD-E6405C13A306}.Release|Any CPU.Build.0 = Release|Any CPU
		{D93FAA11-31F0-4629-B53C-AA8680283529}.Debug|Any CPU.ActiveCfg = Debug|Any CPU
		{D93FAA11-31F0-4629-B53C-AA8680283529}.Debug|Any CPU.Build.0 = Debug|Any CPU
		{D93FAA11-31F0-4629-B53C-AA8680283529}.Release|Any CPU.ActiveCfg = Release|Any CPU
		{D93FAA11-31F0-4629-B53C-AA8680283529}.Release|Any CPU.Build.0 = Release|Any CPU
	EndGlobalSection
	GlobalSection(SolutionProperties) = preSolution
		HideSolutionNode = FALSE
	EndGlobalSection
	GlobalSection(ExtensibilityGlobals) = postSolution
		SolutionGuid = {91F22EDD-96F2-4405-8A1C-9B761EA05971}
	EndGlobalSection
EndGlobal
